{
  "version": 4,
  "terraform_version": "1.0.7",
  "serial": 14,
  "lineage": "217cdd35-46cb-1d08-0805-15009470cc02",
  "outputs": {
    "container_name": {
      "value": "blog_dev",
      "type": "string"
    },
    "ip_address": {
      "value": "172.17.0.2",
      "type": "string"
    }
  },
  "resources": [
    {
      "mode": "managed",
      "type": "docker_image",
      "name": "image_id",
      "provider": "provider[\"registry.terraform.io/kreuzwerker/docker\"]",
      "instances": [
        {
          "schema_version": 0,
          "attributes": {
            "build": [],
            "force_remove": null,
            "id": "sha256:f357cc8f7b03922ba70d33a50398f93ff2e6b6bbd71b79d47f4f691d9dba9988ghost:latest",
            "keep_locally": null,
            "latest": "sha256:f357cc8f7b03922ba70d33a50398f93ff2e6b6bbd71b79d47f4f691d9dba9988",
            "name": "ghost:latest",
            "output": null,
            "pull_trigger": null,
            "pull_triggers": null,
            "repo_digest": "ghost@sha256:0592c52d77dc1f7db3f2c6a6ff9670ac196a4c1be078e4fbe9a55a51e2bb299e"
          },
          "sensitive_attributes": [],
          "private": "bnVsbA=="
        }
      ]
    }
  ]
}
