{
  "version": 4,
  "terraform_version": "1.0.7",
  "serial": 16,
  "lineage": "217cdd35-46cb-1d08-0805-15009470cc02",
  "outputs": {
    "container_name": {
      "value": "blog_dev",
      "type": "string"
    },
    "ip_address": {
      "value": "172.17.0.2",
      "type": "string"
    }
  },
  "resources": [
    {
      "mode": "managed",
      "type": "docker_container",
      "name": "container_id",
      "provider": "provider[\"registry.terraform.io/kreuzwerker/docker\"]",
      "instances": [
        {
          "schema_version": 2,
          "attributes": {
            "attach": false,
            "bridge": "",
            "capabilities": [],
            "command": [
              "node",
              "current/index.js"
            ],
            "container_logs": null,
            "cpu_set": "",
            "cpu_shares": 0,
            "destroy_grace_seconds": null,
            "devices": [],
            "dns": null,
            "dns_opts": null,
            "dns_search": null,
            "domainname": "",
            "entrypoint": [
              "docker-entrypoint.sh"
            ],
            "env": [],
            "exit_code": null,
            "gateway": "172.17.0.1",
            "group_add": null,
            "healthcheck": null,
            "host": [],
            "hostname": "e5d0c677b984",
            "id": "e5d0c677b984c187ff46c060bd98a72a482aa47cc34070486e500fe9a56729b5",
            "image": "sha256:f357cc8f7b03922ba70d33a50398f93ff2e6b6bbd71b79d47f4f691d9dba9988",
            "init": false,
            "ip_address": "172.17.0.2",
            "ip_prefix_length": 16,
            "ipc_mode": "private",
            "labels": [],
            "links": null,
            "log_driver": "json-file",
            "log_opts": null,
            "logs": false,
            "max_retry_count": 0,
            "memory": 0,
            "memory_swap": 0,
            "mounts": [],
            "must_run": true,
            "name": "blog_dev",
            "network_alias": null,
            "network_data": [
              {
                "gateway": "172.17.0.1",
                "global_ipv6_address": "",
                "global_ipv6_prefix_length": 0,
                "ip_address": "172.17.0.2",
                "ip_prefix_length": 16,
                "ipv6_gateway": "",
                "network_name": "bridge"
              }
            ],
            "network_mode": "default",
            "networks": null,
            "networks_advanced": [],
            "pid_mode": "",
            "ports": [
              {
                "external": 8081,
                "internal": 2368,
                "ip": "0.0.0.0",
                "protocol": "tcp"
              }
            ],
            "privileged": false,
            "publish_all_ports": false,
            "read_only": false,
            "remove_volumes": true,
            "restart": "no",
            "rm": false,
            "security_opts": [],
            "shm_size": 64,
            "start": true,
            "stdin_open": false,
            "storage_opts": null,
            "sysctls": null,
            "tmpfs": null,
            "tty": false,
            "ulimit": [],
            "upload": [],
            "user": "",
            "userns_mode": "",
            "volumes": [],
            "working_dir": "/var/lib/ghost"
          },
          "sensitive_attributes": [],
          "private": "eyJzY2hlbWFfdmVyc2lvbiI6IjIifQ==",
          "dependencies": [
            "docker_image.image_id"
          ]
        }
      ]
    },
    {
      "mode": "managed",
      "type": "docker_image",
      "name": "image_id",
      "provider": "provider[\"registry.terraform.io/kreuzwerker/docker\"]",
      "instances": [
        {
          "schema_version": 0,
          "attributes": {
            "build": [],
            "force_remove": null,
            "id": "sha256:f357cc8f7b03922ba70d33a50398f93ff2e6b6bbd71b79d47f4f691d9dba9988ghost:latest",
            "keep_locally": null,
            "latest": "sha256:f357cc8f7b03922ba70d33a50398f93ff2e6b6bbd71b79d47f4f691d9dba9988",
            "name": "ghost:latest",
            "output": null,
            "pull_trigger": null,
            "pull_triggers": null,
            "repo_digest": "ghost@sha256:0592c52d77dc1f7db3f2c6a6ff9670ac196a4c1be078e4fbe9a55a51e2bb299e"
          },
          "sensitive_attributes": [],
          "private": "bnVsbA=="
        }
      ]
    }
  ]
}
