{
  "version": 4,
  "terraform_version": "1.0.7",
  "serial": 3,
  "lineage": "402cf76a-72b5-24e2-9052-1a320d837c73",
  "outputs": {
    "container_name": {
      "value": "blog",
      "type": "string"
    }
  },
  "resources": [
    {
      "module": "module.ghost",
      "mode": "managed",
      "type": "docker_image",
      "name": "ghost_image",
      "provider": "module.ghost.provider[\"registry.terraform.io/kreuzwerker/docker\"]",
      "instances": [
        {
          "schema_version": 0,
          "attributes": {
            "build": [],
            "force_remove": null,
            "id": "sha256:f357cc8f7b03922ba70d33a50398f93ff2e6b6bbd71b79d47f4f691d9dba9988ghost:latest",
            "keep_locally": null,
            "latest": "sha256:f357cc8f7b03922ba70d33a50398f93ff2e6b6bbd71b79d47f4f691d9dba9988",
            "name": "ghost:latest",
            "output": null,
            "pull_trigger": null,
            "pull_triggers": null,
            "repo_digest": "ghost@sha256:0592c52d77dc1f7db3f2c6a6ff9670ac196a4c1be078e4fbe9a55a51e2bb299e"
          },
          "sensitive_attributes": [],
          "private": "bnVsbA=="
        }
      ]
    }
  ]
}
